
Microsoft Visual Studio Solution File, Format Version 12.00
# Visual Studio Version 17
VisualStudioVersion = 17.10.35122.118
MinimumVisualStudioVersion = 10.0.40219.1
Project("{FAE04EC0-301F-11D3-BF4B-00C04F79EFBC}") = "RSCG_ExportDiagram_Console", "RSCG_ExportDiagram_Console\RSCG_ExportDiagram_Console.csproj", "{952F5393-BE76-4371-BC37-CC7435300194}"
EndProject
Project("{FAE04EC0-301F-11D3-BF4B-00C04F79EFBC}") = "RSCG_ExportDiagram_Interfaces", "RSCG_ExportDiagram_Interfaces\RSCG_ExportDiagram_Interfaces.csproj", "{F0C7C154-5B96-485E-B8CB-CD47B2244A28}"
EndProject
Project("{FAE04EC0-301F-11D3-BF4B-00C04F79EFBC}") = "RSCG_ExportDiagram_Objects", "RSCG_ExportDiagram_Objects\RSCG_ExportDiagram_Objects.csproj", "{CE6124B8-29EE-47A2-970F-3CBAB573CC95}"
EndProject
Project("{FAE04EC0-301F-11D3-BF4B-00C04F79EFBC}") = "RSCG_ExportDiagram", "RSCG_ExportDiagram\RSCG_ExportDiagram.csproj", "{F9F6A046-17BB-49AE-AA5B-4AD46323BF74}"
EndProject
Project("{FAE04EC0-301F-11D3-BF4B-00C04F79EFBC}") = "RSCG_ExportDiagram_Decorator", "RSCG_ExportDiagram_Decorator\RSCG_ExportDiagram_Decorator.csproj", "{46C18BB4-572A-4592-BCC2-2A80ED9969D9}"
EndProject
Global
	GlobalSection(SolutionConfigurationPlatforms) = preSolution
		Debug|Any CPU = Debug|Any CPU
		Release|Any CPU = Release|Any CPU
	EndGlobalSection
	GlobalSection(ProjectConfigurationPlatforms) = postSolution
		{952F5393-BE76-4371-BC37-CC7435300194}.Debug|Any CPU.ActiveCfg = Debug|Any CPU
		{952F5393-BE76-4371-BC37-CC7435300194}.Debug|Any CPU.Build.0 = Debug|Any CPU
		{952F5393-BE76-4371-BC37-CC7435300194}.Release|Any CPU.ActiveCfg = Release|Any CPU
		{952F5393-BE76-4371-BC37-CC7435300194}.Release|Any CPU.Build.0 = Release|Any CPU
		{F0C7C154-5B96-485E-B8CB-CD47B2244A28}.Debug|Any CPU.ActiveCfg = Debug|Any CPU
		{F0C7C154-5B96-485E-B8CB-CD47B2244A28}.Debug|Any CPU.Build.0 = Debug|Any CPU
		{F0C7C154-5B96-485E-B8CB-CD47B2244A28}.Release|Any CPU.ActiveCfg = Release|Any CPU
		{F0C7C154-5B96-485E-B8CB-CD47B2244A28}.Release|Any CPU.Build.0 = Release|Any CPU
		{CE6124B8-29EE-47A2-970F-3CBAB573CC95}.Debug|Any CPU.ActiveCfg = Debug|Any CPU
		{CE6124B8-29EE-47A2-970F-3CBAB573CC95}.Debug|Any CPU.Build.0 = Debug|Any CPU
		{CE6124B8-29EE-47A2-970F-3CBAB573CC95}.Release|Any CPU.ActiveCfg = Release|Any CPU
		{CE6124B8-29EE-47A2-970F-3CBAB573CC95}.Release|Any CPU.Build.0 = Release|Any CPU
		{F9F6A046-17BB-49AE-AA5B-4AD46323BF74}.Debug|Any CPU.ActiveCfg = Debug|Any CPU
		{F9F6A046-17BB-49AE-AA5B-4AD46323BF74}.Debug|Any CPU.Build.0 = Debug|Any CPU
		{F9F6A046-17BB-49AE-AA5B-4AD46323BF74}.Release|Any CPU.ActiveCfg = Release|Any CPU
		{F9F6A046-17BB-49AE-AA5B-4AD46323BF74}.Release|Any CPU.Build.0 = Release|Any CPU
		{46C18BB4-572A-4592-BCC2-2A80ED9969D9}.Debug|Any CPU.ActiveCfg = Debug|Any CPU
		{46C18BB4-572A-4592-BCC2-2A80ED9969D9}.Debug|Any CPU.Build.0 = Debug|Any CPU
		{46C18BB4-572A-4592-BCC2-2A80ED9969D9}.Release|Any CPU.ActiveCfg = Release|Any CPU
		{46C18BB4-572A-4592-BCC2-2A80ED9969D9}.Release|Any CPU.Build.0 = Release|Any CPU
	EndGlobalSection
	GlobalSection(SolutionProperties) = preSolution
		HideSolutionNode = FALSE
	EndGlobalSection
	GlobalSection(ExtensibilityGlobals) = postSolution
		SolutionGuid = {3D367ABA-0BDB-4DB8-962E-B44CEB79F7D9}
	EndGlobalSection
EndGlobal
